
Microsoft Visual Studio Solution File, Format Version 11.00
# Visual Studio 2010
Project("{FAE04EC0-301F-11D3-BF4B-00C04F79EFBC}") = "ProjetoMulti", "ProjetoMulti\ProjetoMulti\ProjetoMulti.csproj", "{D46B451F-7570-4934-96FF-BB521C749C15}"
EndProject
Project("{96E2B04D-8817-42C6-938A-82C39BA4D311}") = "ProjetoMultiContent", "ProjetoMulti\ProjetoMultiContent\ProjetoMultiContent.contentproj", "{549E2DA7-97ED-4070-99A1-D38CFA0A71DE}"
EndProject
Global
	GlobalSection(SolutionConfigurationPlatforms) = preSolution
		Debug|x86 = Debug|x86
		Release|x86 = Release|x86
	EndGlobalSection
	GlobalSection(ProjectConfigurationPlatforms) = postSolution
		{D46B451F-7570-4934-96FF-BB521C749C15}.Debug|x86.ActiveCfg = Debug|x86
		{D46B451F-7570-4934-96FF-BB521C749C15}.Debug|x86.Build.0 = Debug|x86
		{D46B451F-7570-4934-96FF-BB521C749C15}.Release|x86.ActiveCfg = Release|x86
		{D46B451F-7570-4934-96FF-BB521C749C15}.Release|x86.Build.0 = Release|x86
		{549E2DA7-97ED-4070-99A1-D38CFA0A71DE}.Debug|x86.ActiveCfg = Debug|x86
		{549E2DA7-97ED-4070-99A1-D38CFA0A71DE}.Release|x86.ActiveCfg = Release|x86
	EndGlobalSection
	GlobalSection(SolutionProperties) = preSolution
		HideSolutionNode = FALSE
	EndGlobalSection
EndGlobal
